
Microsoft Visual Studio Solution File, Format Version 12.00
# Visual Studio Version 16
VisualStudioVersion = 16.0.31019.35
MinimumVisualStudioVersion = 10.0.40219.1
Project("{FAE04EC0-301F-11D3-BF4B-00C04F79EFBC}") = "times_for_loop_experiment", "times_for_loop_experiment.csproj", "{F019AF88-5874-40BB-BF49-913EBAAF2AF0}"
EndProject
Global
	GlobalSection(SolutionConfigurationPlatforms) = preSolution
		Debug|Any CPU = Debug|Any CPU
		Release|Any CPU = Release|Any CPU
	EndGlobalSection
	GlobalSection(ProjectConfigurationPlatforms) = postSolution
		{F019AF88-5874-40BB-BF49-913EBAAF2AF0}.Debug|Any CPU.ActiveCfg = Debug|Any CPU
		{F019AF88-5874-40BB-BF49-913EBAAF2AF0}.Debug|Any CPU.Build.0 = Debug|Any CPU
		{F019AF88-5874-40BB-BF49-913EBAAF2AF0}.Release|Any CPU.ActiveCfg = Release|Any CPU
		{F019AF88-5874-40BB-BF49-913EBAAF2AF0}.Release|Any CPU.Build.0 = Release|Any CPU
	EndGlobalSection
	GlobalSection(SolutionProperties) = preSolution
		HideSolutionNode = FALSE
	EndGlobalSection
	GlobalSection(ExtensibilityGlobals) = postSolution
		SolutionGuid = {595399CF-5AC9-4B5B-891E-C8B166CAA2B4}
	EndGlobalSection
EndGlobal
